
Microsoft Visual Studio Solution File, Format Version 12.00
Project("{41FFCBB3-78C9-4A4B-B55E-478C960C6418}") = "Simpit", "src/Simpit/Simpit.csproj", "{96243FF1-A7E2-4574-902B-81A3592BFD26}"
EndProject
Project("{41FFCBB3-78C9-4A4B-B55E-478C960C6418}") = "Simpit.Unity", "src/Simpit.Unity/Simpit.Unity.csproj", "{9BED4A08-E72A-4B13-8ED2-63BFB8725C54}"
EndProject
Global
	GlobalSection(SolutionConfigurationPlatforms) = preSolution
		Debug|Any CPU = Debug|Any CPU
		Release|Any CPU = Release|Any CPU
		Deploy|Any CPU = Deploy|Any CPU
		DeployAndRun|Any CPU = DeployAndRun|Any CPU
	EndGlobalSection
	GlobalSection(ProjectConfigurationPlatforms) = postSolution
		{96243FF1-A7E2-4574-902B-81A3592BFD26}.Debug|Any CPU.ActiveCfg = Debug|Any CPU
		{96243FF1-A7E2-4574-902B-81A3592BFD26}.Debug|Any CPU.Build.0 = Debug|Any CPU
		{96243FF1-A7E2-4574-902B-81A3592BFD26}.Release|Any CPU.ActiveCfg = Release|Any CPU
		{96243FF1-A7E2-4574-902B-81A3592BFD26}.Release|Any CPU.Build.0 = Release|Any CPU
		{96243FF1-A7E2-4574-902B-81A3592BFD26}.Deploy|Any CPU.ActiveCfg = Deploy|Any CPU
		{96243FF1-A7E2-4574-902B-81A3592BFD26}.Deploy|Any CPU.Build.0 = Deploy|Any CPU
		{96243FF1-A7E2-4574-902B-81A3592BFD26}.DeployAndRun|Any CPU.ActiveCfg = DeployAndRun|Any CPU
		{96243FF1-A7E2-4574-902B-81A3592BFD26}.DeployAndRun|Any CPU.Build.0 = DeployAndRun|Any CPU
		{9BED4A08-E72A-4B13-8ED2-63BFB8725C54}.Debug|Any CPU.ActiveCfg = Debug|Any CPU
		{9BED4A08-E72A-4B13-8ED2-63BFB8725C54}.Debug|Any CPU.Build.0 = Debug|Any CPU
		{9BED4A08-E72A-4B13-8ED2-63BFB8725C54}.Release|Any CPU.ActiveCfg = Release|Any CPU
		{9BED4A08-E72A-4B13-8ED2-63BFB8725C54}.Release|Any CPU.Build.0 = Release|Any CPU
		{9BED4A08-E72A-4B13-8ED2-63BFB8725C54}.Deploy|Any CPU.ActiveCfg = Deploy|Any CPU
		{9BED4A08-E72A-4B13-8ED2-63BFB8725C54}.Deploy|Any CPU.Build.0 = Deploy|Any CPU
		{9BED4A08-E72A-4B13-8ED2-63BFB8725C54}.DeployAndRun|Any CPU.ActiveCfg = DeployAndRun|Any CPU
		{9BED4A08-E72A-4B13-8ED2-63BFB8725C54}.DeployAndRun|Any CPU.Build.0 = DeployAndRun|Any CPU
	EndGlobalSection
EndGlobal


