
Microsoft Visual Studio Solution File, Format Version 12.00
Project("{0D848141-4620-47B2-AF57-02BF768348DB}") = "Simpit", "src/Simpit/Simpit.csproj", "{3CB59FD8-9616-403F-9935-36F40342CDD1}"
EndProject
Global
	GlobalSection(SolutionConfigurationPlatforms) = preSolution
		Debug|Any CPU = Debug|Any CPU
		Release|Any CPU = Release|Any CPU
		Deploy|Any CPU = Deploy|Any CPU
		DeployAndRun|Any CPU = DeployAndRun|Any CPU
	EndGlobalSection
	GlobalSection(ProjectConfigurationPlatforms) = postSolution
		{3CB59FD8-9616-403F-9935-36F40342CDD1}.Debug|Any CPU.ActiveCfg = Debug|Any CPU
		{3CB59FD8-9616-403F-9935-36F40342CDD1}.Debug|Any CPU.Build.0 = Debug|Any CPU
		{3CB59FD8-9616-403F-9935-36F40342CDD1}.Release|Any CPU.ActiveCfg = Release|Any CPU
		{3CB59FD8-9616-403F-9935-36F40342CDD1}.Release|Any CPU.Build.0 = Release|Any CPU
		{3CB59FD8-9616-403F-9935-36F40342CDD1}.Deploy|Any CPU.ActiveCfg = Deploy|Any CPU
		{3CB59FD8-9616-403F-9935-36F40342CDD1}.Deploy|Any CPU.Build.0 = Deploy|Any CPU
		{3CB59FD8-9616-403F-9935-36F40342CDD1}.DeployAndRun|Any CPU.ActiveCfg = DeployAndRun|Any CPU
		{3CB59FD8-9616-403F-9935-36F40342CDD1}.DeployAndRun|Any CPU.Build.0 = DeployAndRun|Any CPU
	EndGlobalSection
EndGlobal

